
Microsoft Visual Studio Solution File, Format Version 12.00
# Visual Studio Version 17
VisualStudioVersion = 17.7.34009.444
MinimumVisualStudioVersion = 10.0.40219.1
Project("{2150E333-8FDC-42A3-9474-1A3956D46DE8}") = "engine", "engine", "{E45497EC-BD2C-4D4D-9A60-8DEFA47F32B8}"
EndProject
Project("{9A19103F-16F7-4668-BE54-9A1E7A4F7556}") = "RawSalt.Engine", "src\RawSalt.Engine\RawSalt.Engine.csproj", "{0E055DE8-176E-4A25-9935-212F57EDE151}"
EndProject
Project("{2150E333-8FDC-42A3-9474-1A3956D46DE8}") = "framework", "framework", "{2E3397A8-739F-492B-B149-D16254B831E9}"
EndProject
Project("{9A19103F-16F7-4668-BE54-9A1E7A4F7556}") = "RawSalt.Generator", "src\RawSalt.Generator\RawSalt.Generator.csproj", "{A9F99EC8-6B87-4521-883D-7695523F4D4C}"
EndProject
Project("{2150E333-8FDC-42A3-9474-1A3956D46DE8}") = "samples", "samples", "{829354B2-6FB9-4FF6-9899-BE56AE719028}"
EndProject
Project("{9A19103F-16F7-4668-BE54-9A1E7A4F7556}") = "Triangle", "samples\Triangle\Triangle.csproj", "{47BE8F68-B254-492D-9A15-C9E396CB9BE1}"
EndProject
Project("{2150E333-8FDC-42A3-9474-1A3956D46DE8}") = ".etc", ".etc", "{73C41B1A-49B4-420F-BA72-54E64FFAD489}"
	ProjectSection(SolutionItems) = preProject
		.filenesting.json = .filenesting.json
		.gitignore = .gitignore
		build\glslc.props = build\glslc.props
		LICENSE = LICENSE
		build\RawSalt.props = build\RawSalt.props
		TODOs.md = TODOs.md
	EndProjectSection
EndProject
Project("{9A19103F-16F7-4668-BE54-9A1E7A4F7556}") = "RawSalt", "src\RawSalt\RawSalt.csproj", "{315D60B9-468C-46D9-9985-42AB096AA2FB}"
EndProject
Project("{9A19103F-16F7-4668-BE54-9A1E7A4F7556}") = "RawSalt.Engine.Anturazhie", "src\RawSalt.Engine.Anturazhie\RawSalt.Engine.Anturazhie.csproj", "{A6A2D553-9A81-409A-9DE6-8F04F8C2A3A5}"
EndProject
Project("{9A19103F-16F7-4668-BE54-9A1E7A4F7556}") = "RawSalt.Engine.Launcher", "src\RawSalt.Engine.Launcher\RawSalt.Engine.Launcher.csproj", "{50D1FE7B-4173-425E-852B-F78C120FADA6}"
EndProject
Project("{9A19103F-16F7-4668-BE54-9A1E7A4F7556}") = "RawSalt.Native.Vulkan", "src\RawSalt.Native.Vulkan\RawSalt.Native.Vulkan.csproj", "{8DEC1F3F-B536-4498-90DB-6A351E6BEAEC}"
EndProject
Project("{9A19103F-16F7-4668-BE54-9A1E7A4F7556}") = "RawSalt.Native.SDL", "src\RawSalt.Native.SDL\RawSalt.Native.SDL.csproj", "{1473247A-3518-439A-BEF2-59BBA0ADB32F}"
EndProject
Project("{D954291E-2A0B-460D-934E-DC6B0785DB48}") = "RawSalt.Native.Shared", "src\RawSalt.Native.Shared\RawSalt.Native.Shared.shproj", "{D7507D26-E7A7-47BE-BE40-54E78F218EAE}"
EndProject
Project("{9A19103F-16F7-4668-BE54-9A1E7A4F7556}") = "RawSalt.Native.Windows", "src\RawSalt.Native.Windows\RawSalt.Native.Windows.csproj", "{889E87C9-5252-4B62-B63E-5289DA6C5A96}"
EndProject
Project("{9A19103F-16F7-4668-BE54-9A1E7A4F7556}") = "Testing.Benchmark.RawSalt", "tests\Testing.Benchmark.RawSalt\Testing.Benchmark.RawSalt.csproj", "{F1C4A36A-BF0E-420E-BDBA-7590D9D50452}"
EndProject
Project("{2150E333-8FDC-42A3-9474-1A3956D46DE8}") = "tests", "tests", "{B5CD64B6-CA85-4271-97AD-D4F15830331C}"
EndProject
Global
	GlobalSection(SolutionConfigurationPlatforms) = preSolution
		Debug|Any CPU = Debug|Any CPU
		Release|Any CPU = Release|Any CPU
	EndGlobalSection
	GlobalSection(ProjectConfigurationPlatforms) = postSolution
		{0E055DE8-176E-4A25-9935-212F57EDE151}.Debug|Any CPU.ActiveCfg = Debug|Any CPU
		{0E055DE8-176E-4A25-9935-212F57EDE151}.Debug|Any CPU.Build.0 = Debug|Any CPU
		{0E055DE8-176E-4A25-9935-212F57EDE151}.Release|Any CPU.ActiveCfg = Release|Any CPU
		{0E055DE8-176E-4A25-9935-212F57EDE151}.Release|Any CPU.Build.0 = Release|Any CPU
		{A9F99EC8-6B87-4521-883D-7695523F4D4C}.Debug|Any CPU.ActiveCfg = Debug|Any CPU
		{A9F99EC8-6B87-4521-883D-7695523F4D4C}.Debug|Any CPU.Build.0 = Debug|Any CPU
		{A9F99EC8-6B87-4521-883D-7695523F4D4C}.Release|Any CPU.ActiveCfg = Release|Any CPU
		{A9F99EC8-6B87-4521-883D-7695523F4D4C}.Release|Any CPU.Build.0 = Release|Any CPU
		{47BE8F68-B254-492D-9A15-C9E396CB9BE1}.Debug|Any CPU.ActiveCfg = Debug|Any CPU
		{47BE8F68-B254-492D-9A15-C9E396CB9BE1}.Debug|Any CPU.Build.0 = Debug|Any CPU
		{47BE8F68-B254-492D-9A15-C9E396CB9BE1}.Release|Any CPU.ActiveCfg = Release|Any CPU
		{47BE8F68-B254-492D-9A15-C9E396CB9BE1}.Release|Any CPU.Build.0 = Release|Any CPU
		{315D60B9-468C-46D9-9985-42AB096AA2FB}.Debug|Any CPU.ActiveCfg = Debug|Any CPU
		{315D60B9-468C-46D9-9985-42AB096AA2FB}.Debug|Any CPU.Build.0 = Debug|Any CPU
		{315D60B9-468C-46D9-9985-42AB096AA2FB}.Release|Any CPU.ActiveCfg = Release|Any CPU
		{315D60B9-468C-46D9-9985-42AB096AA2FB}.Release|Any CPU.Build.0 = Release|Any CPU
		{A6A2D553-9A81-409A-9DE6-8F04F8C2A3A5}.Debug|Any CPU.ActiveCfg = Debug|Any CPU
		{A6A2D553-9A81-409A-9DE6-8F04F8C2A3A5}.Debug|Any CPU.Build.0 = Debug|Any CPU
		{A6A2D553-9A81-409A-9DE6-8F04F8C2A3A5}.Release|Any CPU.ActiveCfg = Release|Any CPU
		{A6A2D553-9A81-409A-9DE6-8F04F8C2A3A5}.Release|Any CPU.Build.0 = Release|Any CPU
		{50D1FE7B-4173-425E-852B-F78C120FADA6}.Debug|Any CPU.ActiveCfg = Debug|Any CPU
		{50D1FE7B-4173-425E-852B-F78C120FADA6}.Debug|Any CPU.Build.0 = Debug|Any CPU
		{50D1FE7B-4173-425E-852B-F78C120FADA6}.Release|Any CPU.ActiveCfg = Release|Any CPU
		{50D1FE7B-4173-425E-852B-F78C120FADA6}.Release|Any CPU.Build.0 = Release|Any CPU
		{8DEC1F3F-B536-4498-90DB-6A351E6BEAEC}.Debug|Any CPU.ActiveCfg = Debug|Any CPU
		{8DEC1F3F-B536-4498-90DB-6A351E6BEAEC}.Debug|Any CPU.Build.0 = Debug|Any CPU
		{8DEC1F3F-B536-4498-90DB-6A351E6BEAEC}.Release|Any CPU.ActiveCfg = Release|Any CPU
		{8DEC1F3F-B536-4498-90DB-6A351E6BEAEC}.Release|Any CPU.Build.0 = Release|Any CPU
		{1473247A-3518-439A-BEF2-59BBA0ADB32F}.Debug|Any CPU.ActiveCfg = Debug|Any CPU
		{1473247A-3518-439A-BEF2-59BBA0ADB32F}.Debug|Any CPU.Build.0 = Debug|Any CPU
		{1473247A-3518-439A-BEF2-59BBA0ADB32F}.Release|Any CPU.ActiveCfg = Release|Any CPU
		{1473247A-3518-439A-BEF2-59BBA0ADB32F}.Release|Any CPU.Build.0 = Release|Any CPU
		{889E87C9-5252-4B62-B63E-5289DA6C5A96}.Debug|Any CPU.ActiveCfg = Debug|Any CPU
		{889E87C9-5252-4B62-B63E-5289DA6C5A96}.Debug|Any CPU.Build.0 = Debug|Any CPU
		{889E87C9-5252-4B62-B63E-5289DA6C5A96}.Release|Any CPU.ActiveCfg = Release|Any CPU
		{889E87C9-5252-4B62-B63E-5289DA6C5A96}.Release|Any CPU.Build.0 = Release|Any CPU
		{F1C4A36A-BF0E-420E-BDBA-7590D9D50452}.Debug|Any CPU.ActiveCfg = Debug|Any CPU
		{F1C4A36A-BF0E-420E-BDBA-7590D9D50452}.Debug|Any CPU.Build.0 = Debug|Any CPU
		{F1C4A36A-BF0E-420E-BDBA-7590D9D50452}.Release|Any CPU.ActiveCfg = Release|Any CPU
		{F1C4A36A-BF0E-420E-BDBA-7590D9D50452}.Release|Any CPU.Build.0 = Release|Any CPU
	EndGlobalSection
	GlobalSection(SolutionProperties) = preSolution
		HideSolutionNode = FALSE
	EndGlobalSection
	GlobalSection(NestedProjects) = preSolution
		{0E055DE8-176E-4A25-9935-212F57EDE151} = {E45497EC-BD2C-4D4D-9A60-8DEFA47F32B8}
		{A9F99EC8-6B87-4521-883D-7695523F4D4C} = {2E3397A8-739F-492B-B149-D16254B831E9}
		{47BE8F68-B254-492D-9A15-C9E396CB9BE1} = {829354B2-6FB9-4FF6-9899-BE56AE719028}
		{315D60B9-468C-46D9-9985-42AB096AA2FB} = {2E3397A8-739F-492B-B149-D16254B831E9}
		{A6A2D553-9A81-409A-9DE6-8F04F8C2A3A5} = {E45497EC-BD2C-4D4D-9A60-8DEFA47F32B8}
		{50D1FE7B-4173-425E-852B-F78C120FADA6} = {E45497EC-BD2C-4D4D-9A60-8DEFA47F32B8}
		{8DEC1F3F-B536-4498-90DB-6A351E6BEAEC} = {2E3397A8-739F-492B-B149-D16254B831E9}
		{1473247A-3518-439A-BEF2-59BBA0ADB32F} = {2E3397A8-739F-492B-B149-D16254B831E9}
		{D7507D26-E7A7-47BE-BE40-54E78F218EAE} = {2E3397A8-739F-492B-B149-D16254B831E9}
		{889E87C9-5252-4B62-B63E-5289DA6C5A96} = {2E3397A8-739F-492B-B149-D16254B831E9}
		{F1C4A36A-BF0E-420E-BDBA-7590D9D50452} = {B5CD64B6-CA85-4271-97AD-D4F15830331C}
	EndGlobalSection
	GlobalSection(ExtensibilityGlobals) = postSolution
		SolutionGuid = {FF5DA4B0-5F16-4C41-8FD5-48C2AB184997}
	EndGlobalSection
	GlobalSection(SharedMSBuildProjectFiles) = preSolution
		src\RawSalt.Native.Shared\RawSalt.Native.Shared.projitems*{1473247a-3518-439a-bef2-59bba0adb32f}*SharedItemsImports = 5
		src\RawSalt.Native.Shared\RawSalt.Native.Shared.projitems*{8dec1f3f-b536-4498-90db-6a351e6beaec}*SharedItemsImports = 5
		src\RawSalt.Native.Shared\RawSalt.Native.Shared.projitems*{d7507d26-e7a7-47be-be40-54e78f218eae}*SharedItemsImports = 13
	EndGlobalSection
EndGlobal
