
Microsoft Visual Studio Solution File, Format Version 12.00
# Visual Studio Version 17
VisualStudioVersion = 17.7.34009.444
MinimumVisualStudioVersion = 10.0.40219.1
Project("{2150E333-8FDC-42A3-9474-1A3956D46DE8}") = "engine", "engine", "{E45497EC-BD2C-4D4D-9A60-8DEFA47F32B8}"
EndProject
Project("{9A19103F-16F7-4668-BE54-9A1E7A4F7556}") = "RawSalt.Engine", "src\RawSalt.Engine\RawSalt.Engine.csproj", "{0E055DE8-176E-4A25-9935-212F57EDE151}"
EndProject
Project("{2150E333-8FDC-42A3-9474-1A3956D46DE8}") = "framework", "framework", "{2E3397A8-739F-492B-B149-D16254B831E9}"
EndProject
Project("{9A19103F-16F7-4668-BE54-9A1E7A4F7556}") = "RawSalt.Generator", "src\RawSalt.Generator\RawSalt.Generator.csproj", "{A9F99EC8-6B87-4521-883D-7695523F4D4C}"
EndProject
Project("{2150E333-8FDC-42A3-9474-1A3956D46DE8}") = "samples", "samples", "{829354B2-6FB9-4FF6-9899-BE56AE719028}"
EndProject
Project("{9A19103F-16F7-4668-BE54-9A1E7A4F7556}") = "Triangle", "samples\Triangle\Triangle.csproj", "{47BE8F68-B254-492D-9A15-C9E396CB9BE1}"
EndProject
Project("{2150E333-8FDC-42A3-9474-1A3956D46DE8}") = ".etc", ".etc", "{73C41B1A-49B4-420F-BA72-54E64FFAD489}"
	ProjectSection(SolutionItems) = preProject
		.gitignore = .gitignore
		LICENSE = LICENSE
		build\RawSalt.props = build\RawSalt.props
		TODOs.md = TODOs.md
	EndProjectSection
EndProject
Project("{9A19103F-16F7-4668-BE54-9A1E7A4F7556}") = "RawSalt", "src\RawSalt\RawSalt.csproj", "{315D60B9-468C-46D9-9985-42AB096AA2FB}"
EndProject
Project("{9A19103F-16F7-4668-BE54-9A1E7A4F7556}") = "NiTiS.Annotations", "src\NiTiS.Annotations\NiTiS.Annotations.csproj", "{E280EE62-77A6-4DCC-A95E-42501CD96825}"
EndProject
Global
	GlobalSection(SolutionConfigurationPlatforms) = preSolution
		Debug|Any CPU = Debug|Any CPU
		Release|Any CPU = Release|Any CPU
	EndGlobalSection
	GlobalSection(ProjectConfigurationPlatforms) = postSolution
		{0E055DE8-176E-4A25-9935-212F57EDE151}.Debug|Any CPU.ActiveCfg = Debug|Any CPU
		{0E055DE8-176E-4A25-9935-212F57EDE151}.Debug|Any CPU.Build.0 = Debug|Any CPU
		{0E055DE8-176E-4A25-9935-212F57EDE151}.Release|Any CPU.ActiveCfg = Release|Any CPU
		{0E055DE8-176E-4A25-9935-212F57EDE151}.Release|Any CPU.Build.0 = Release|Any CPU
		{A9F99EC8-6B87-4521-883D-7695523F4D4C}.Debug|Any CPU.ActiveCfg = Debug|Any CPU
		{A9F99EC8-6B87-4521-883D-7695523F4D4C}.Debug|Any CPU.Build.0 = Debug|Any CPU
		{A9F99EC8-6B87-4521-883D-7695523F4D4C}.Release|Any CPU.ActiveCfg = Release|Any CPU
		{A9F99EC8-6B87-4521-883D-7695523F4D4C}.Release|Any CPU.Build.0 = Release|Any CPU
		{47BE8F68-B254-492D-9A15-C9E396CB9BE1}.Debug|Any CPU.ActiveCfg = Debug|Any CPU
		{47BE8F68-B254-492D-9A15-C9E396CB9BE1}.Debug|Any CPU.Build.0 = Debug|Any CPU
		{47BE8F68-B254-492D-9A15-C9E396CB9BE1}.Release|Any CPU.ActiveCfg = Release|Any CPU
		{47BE8F68-B254-492D-9A15-C9E396CB9BE1}.Release|Any CPU.Build.0 = Release|Any CPU
		{315D60B9-468C-46D9-9985-42AB096AA2FB}.Debug|Any CPU.ActiveCfg = Debug|Any CPU
		{315D60B9-468C-46D9-9985-42AB096AA2FB}.Debug|Any CPU.Build.0 = Debug|Any CPU
		{315D60B9-468C-46D9-9985-42AB096AA2FB}.Release|Any CPU.ActiveCfg = Release|Any CPU
		{315D60B9-468C-46D9-9985-42AB096AA2FB}.Release|Any CPU.Build.0 = Release|Any CPU
		{E280EE62-77A6-4DCC-A95E-42501CD96825}.Debug|Any CPU.ActiveCfg = Debug|Any CPU
		{E280EE62-77A6-4DCC-A95E-42501CD96825}.Debug|Any CPU.Build.0 = Debug|Any CPU
		{E280EE62-77A6-4DCC-A95E-42501CD96825}.Release|Any CPU.ActiveCfg = Release|Any CPU
		{E280EE62-77A6-4DCC-A95E-42501CD96825}.Release|Any CPU.Build.0 = Release|Any CPU
	EndGlobalSection
	GlobalSection(SolutionProperties) = preSolution
		HideSolutionNode = FALSE
	EndGlobalSection
	GlobalSection(NestedProjects) = preSolution
		{0E055DE8-176E-4A25-9935-212F57EDE151} = {E45497EC-BD2C-4D4D-9A60-8DEFA47F32B8}
		{A9F99EC8-6B87-4521-883D-7695523F4D4C} = {2E3397A8-739F-492B-B149-D16254B831E9}
		{47BE8F68-B254-492D-9A15-C9E396CB9BE1} = {829354B2-6FB9-4FF6-9899-BE56AE719028}
		{315D60B9-468C-46D9-9985-42AB096AA2FB} = {2E3397A8-739F-492B-B149-D16254B831E9}
		{E280EE62-77A6-4DCC-A95E-42501CD96825} = {2E3397A8-739F-492B-B149-D16254B831E9}
	EndGlobalSection
	GlobalSection(ExtensibilityGlobals) = postSolution
		SolutionGuid = {FF5DA4B0-5F16-4C41-8FD5-48C2AB184997}
	EndGlobalSection
EndGlobal
